{
  "requires": true,
  "lockfileVersion": 1,
  "dependencies": {
    "minimal-web-boilerplate": {
      "version": "1.2.1",
      "resolved": "https://registry.npmjs.org/minimal-web-boilerplate/-/minimal-web-boilerplate-1.2.1.tgz",
      "integrity": "sha512-d7PyRh8bWj4zf5NhbnHRV6a+Z9pccF75tHYmnigMr4n5v8ik3yTxPqWvrgFhGY9a0QB/PbTP57NacvfCQBP/ww=="
    }
  }
}
